
Microsoft Visual Studio Solution File, Format Version 12.00
# Visual Studio 2013
VisualStudioVersion = 12.0.31101.0
MinimumVisualStudioVersion = 10.0.40219.1
Project("{2150E333-8FDC-42A3-9474-1A3956D46DE8}") = "1.Presentation", "1.Presentation", "{813E7B76-4502-419F-8EF6-384C2BFA296D}"
EndProject
Project("{2150E333-8FDC-42A3-9474-1A3956D46DE8}") = "2.Middleware", "2.Middleware", "{7A2B12D6-5B70-4D33-9733-E74F70184DEF}"
EndProject
Project("{2150E333-8FDC-42A3-9474-1A3956D46DE8}") = "3.Data", "3.Data", "{CDE85676-2568-425D-BBFE-FEC40BEA46F5}"
EndProject
Project("{2150E333-8FDC-42A3-9474-1A3956D46DE8}") = "4.Test", "4.Test", "{27C77FAB-3AE2-4B50-9A40-4059688BC673}"
EndProject
Project("{FAE04EC0-301F-11D3-BF4B-00C04F79EFBC}") = "Ads.Business", "Ads.Business\Ads.Business.csproj", "{4CCB8AD2-DE44-487D-885E-85ED111DFA59}"
EndProject
Project("{FAE04EC0-301F-11D3-BF4B-00C04F79EFBC}") = "Ads.Model", "Ads.Model\Ads.Model.csproj", "{00B19963-A26E-4FD6-B154-3B087B658096}"
EndProject
Project("{FAE04EC0-301F-11D3-BF4B-00C04F79EFBC}") = "Ads.Service", "Ads.Service\Ads.Service.csproj", "{8E86A9FC-6FDD-40A0-BFB2-628B4C8D7C05}"
EndProject
Project("{FAE04EC0-301F-11D3-BF4B-00C04F79EFBC}") = "Ads.UI", "Ads.UI\Ads.UI.csproj", "{EABC7D97-BA38-44BF-A660-428DD8B9DFBF}"
EndProject
Project("{FAE04EC0-301F-11D3-BF4B-00C04F79EFBC}") = "Ads.DataAcces", "Ads.DataAcces\Ads.DataAcces.csproj", "{7223630B-CBA6-4670-AAD6-248EE50B7373}"
EndProject
Project("{FAE04EC0-301F-11D3-BF4B-00C04F79EFBC}") = "Ads.EntityFrameWork", "Ads.EntityFrameWork\Ads.EntityFrameWork.csproj", "{5C56C5FD-2B55-4F4C-B58E-ACACA8960701}"
EndProject
Project("{FAE04EC0-301F-11D3-BF4B-00C04F79EFBC}") = "Ads.DataTransferObject", "Ads.DataTransferObject\Ads.DataTransferObject.csproj", "{58295D76-B065-4947-8428-9C83144233B4}"
EndProject
Global
	GlobalSection(SolutionConfigurationPlatforms) = preSolution
		Debug|Any CPU = Debug|Any CPU
		Release|Any CPU = Release|Any CPU
	EndGlobalSection
	GlobalSection(ProjectConfigurationPlatforms) = postSolution
		{4CCB8AD2-DE44-487D-885E-85ED111DFA59}.Debug|Any CPU.ActiveCfg = Debug|Any CPU
		{4CCB8AD2-DE44-487D-885E-85ED111DFA59}.Debug|Any CPU.Build.0 = Debug|Any CPU
		{4CCB8AD2-DE44-487D-885E-85ED111DFA59}.Release|Any CPU.ActiveCfg = Release|Any CPU
		{4CCB8AD2-DE44-487D-885E-85ED111DFA59}.Release|Any CPU.Build.0 = Release|Any CPU
		{00B19963-A26E-4FD6-B154-3B087B658096}.Debug|Any CPU.ActiveCfg = Debug|Any CPU
		{00B19963-A26E-4FD6-B154-3B087B658096}.Debug|Any CPU.Build.0 = Debug|Any CPU
		{00B19963-A26E-4FD6-B154-3B087B658096}.Release|Any CPU.ActiveCfg = Release|Any CPU
		{00B19963-A26E-4FD6-B154-3B087B658096}.Release|Any CPU.Build.0 = Release|Any CPU
		{8E86A9FC-6FDD-40A0-BFB2-628B4C8D7C05}.Debug|Any CPU.ActiveCfg = Debug|Any CPU
		{8E86A9FC-6FDD-40A0-BFB2-628B4C8D7C05}.Debug|Any CPU.Build.0 = Debug|Any CPU
		{8E86A9FC-6FDD-40A0-BFB2-628B4C8D7C05}.Release|Any CPU.ActiveCfg = Release|Any CPU
		{8E86A9FC-6FDD-40A0-BFB2-628B4C8D7C05}.Release|Any CPU.Build.0 = Release|Any CPU
		{EABC7D97-BA38-44BF-A660-428DD8B9DFBF}.Debug|Any CPU.ActiveCfg = Debug|Any CPU
		{EABC7D97-BA38-44BF-A660-428DD8B9DFBF}.Debug|Any CPU.Build.0 = Debug|Any CPU
		{EABC7D97-BA38-44BF-A660-428DD8B9DFBF}.Release|Any CPU.ActiveCfg = Release|Any CPU
		{EABC7D97-BA38-44BF-A660-428DD8B9DFBF}.Release|Any CPU.Build.0 = Release|Any CPU
		{7223630B-CBA6-4670-AAD6-248EE50B7373}.Debug|Any CPU.ActiveCfg = Debug|Any CPU
		{7223630B-CBA6-4670-AAD6-248EE50B7373}.Debug|Any CPU.Build.0 = Debug|Any CPU
		{7223630B-CBA6-4670-AAD6-248EE50B7373}.Release|Any CPU.ActiveCfg = Release|Any CPU
		{7223630B-CBA6-4670-AAD6-248EE50B7373}.Release|Any CPU.Build.0 = Release|Any CPU
		{5C56C5FD-2B55-4F4C-B58E-ACACA8960701}.Debug|Any CPU.ActiveCfg = Debug|Any CPU
		{5C56C5FD-2B55-4F4C-B58E-ACACA8960701}.Debug|Any CPU.Build.0 = Debug|Any CPU
		{5C56C5FD-2B55-4F4C-B58E-ACACA8960701}.Release|Any CPU.ActiveCfg = Release|Any CPU
		{5C56C5FD-2B55-4F4C-B58E-ACACA8960701}.Release|Any CPU.Build.0 = Release|Any CPU
		{58295D76-B065-4947-8428-9C83144233B4}.Debug|Any CPU.ActiveCfg = Debug|Any CPU
		{58295D76-B065-4947-8428-9C83144233B4}.Debug|Any CPU.Build.0 = Debug|Any CPU
		{58295D76-B065-4947-8428-9C83144233B4}.Release|Any CPU.ActiveCfg = Release|Any CPU
		{58295D76-B065-4947-8428-9C83144233B4}.Release|Any CPU.Build.0 = Release|Any CPU
	EndGlobalSection
	GlobalSection(SolutionProperties) = preSolution
		HideSolutionNode = FALSE
	EndGlobalSection
	GlobalSection(NestedProjects) = preSolution
		{4CCB8AD2-DE44-487D-885E-85ED111DFA59} = {7A2B12D6-5B70-4D33-9733-E74F70184DEF}
		{00B19963-A26E-4FD6-B154-3B087B658096} = {7A2B12D6-5B70-4D33-9733-E74F70184DEF}
		{8E86A9FC-6FDD-40A0-BFB2-628B4C8D7C05} = {7A2B12D6-5B70-4D33-9733-E74F70184DEF}
		{EABC7D97-BA38-44BF-A660-428DD8B9DFBF} = {813E7B76-4502-419F-8EF6-384C2BFA296D}
		{7223630B-CBA6-4670-AAD6-248EE50B7373} = {CDE85676-2568-425D-BBFE-FEC40BEA46F5}
		{5C56C5FD-2B55-4F4C-B58E-ACACA8960701} = {CDE85676-2568-425D-BBFE-FEC40BEA46F5}
		{58295D76-B065-4947-8428-9C83144233B4} = {CDE85676-2568-425D-BBFE-FEC40BEA46F5}
	EndGlobalSection
EndGlobal
